
Microsoft Visual Studio Solution File, Format Version 12.00
# Visual Studio Version 17
VisualStudioVersion = 17.8.34330.188
MinimumVisualStudioVersion = 10.0.40219.1
Project("{2150E333-8FDC-42A3-9474-1A3956D46DE8}") = "Tree", "Tree", "{2C8AEBBC-45E8-41CA-A309-EE385499FC26}"
EndProject
Project("{FAE04EC0-301F-11D3-BF4B-00C04F79EFBC}") = "TreeDemo", "TreeDemo\TreeDemo.csproj", "{834A8355-B487-4B30-9CD8-773948EDBA60}"
EndProject
Global
	GlobalSection(SolutionConfigurationPlatforms) = preSolution
		Debug|Any CPU = Debug|Any CPU
		Release|Any CPU = Release|Any CPU
	EndGlobalSection
	GlobalSection(ProjectConfigurationPlatforms) = postSolution
		{834A8355-B487-4B30-9CD8-773948EDBA60}.Debug|Any CPU.ActiveCfg = Debug|Any CPU
		{834A8355-B487-4B30-9CD8-773948EDBA60}.Debug|Any CPU.Build.0 = Debug|Any CPU
		{834A8355-B487-4B30-9CD8-773948EDBA60}.Release|Any CPU.ActiveCfg = Release|Any CPU
		{834A8355-B487-4B30-9CD8-773948EDBA60}.Release|Any CPU.Build.0 = Release|Any CPU
	EndGlobalSection
	GlobalSection(SolutionProperties) = preSolution
		HideSolutionNode = FALSE
	EndGlobalSection
	GlobalSection(NestedProjects) = preSolution
		{834A8355-B487-4B30-9CD8-773948EDBA60} = {2C8AEBBC-45E8-41CA-A309-EE385499FC26}
	EndGlobalSection
	GlobalSection(ExtensibilityGlobals) = postSolution
		SolutionGuid = {5CB21F1D-B447-423F-84CF-CDF7486F31A3}
	EndGlobalSection
EndGlobal
